# ai-eng.lock — sha256 of the global canon this repo expects (§08).
version = "2.0.0"

[assets]
".ai-engineering/overrides.toml" = "f5d1b428ce0517c4c7787d6aeeeddc168087f68c9d653563fa96c394b03f4f4e"
".git/hooks/pre-commit" = "1690f1f6b78cb50524f3a1721318ea97f0764dd4325f5f4fce219c600d9d2aec"
".git/hooks/commit-msg" = "f698b7f6289bca2b71a02f2a9d5aacbd699a6356b3a8b78260f810786bb31a39"
".git/hooks/pre-push" = "f9dd9da9e8721e39e37a0c20c2779d36659d0207905e1aa053f4218862680bd0"
".agents/hooks/ai-eng.ts" = "b5681744933fac0de157267b1353a4130abd8042f00d0d4d63aab1df93ffb91a"
".agents/hooks/ai-eng-chain.ts" = "10a1103d6969a72ab4ed6180b74e843cf7464fa805f99de483b91659e8969698"
