# ai-eng.lock — sha256 of the global canon this repo expects (§08).
version = "2.2.3"

spec_sha256 = "e0f6c3a3a1976b5cc76c3e243875a972723395048ec290e2b2a62e5a9a02acf0"

base_sha = "7e95c84631573dfe08c2184750e3d390d07e79c6"

[assets]
".ai-engineering/overrides.toml" = "f5d1b428ce0517c4c7787d6aeeeddc168087f68c9d653563fa96c394b03f4f4e"
".ai-engineering/arch.rules.json" = "e24a363c4d47112650dba8b6063bde0e96f6fa188ee3f2ff8c421005fae234d2"
".ai-engineering/config.toml" = "eb0f81b77cbf1b53235fe4b4f6948a845f2675d6675d715bc3ee4f5426186037"
".github/workflows/ai-eng-check.yml" = "e89b198c76253611c9c887b64cdbe0919fd958e0bfd0186b4e268dadcf83016a"
".git/hooks/pre-commit" = "7c3dc68bf6a015ce991ed39c1db71b250839f1fddf28430fe26e71593046b1e6"
".git/hooks/commit-msg" = "0c79d03aeb95767252b86a6597b5a4daaf64f679ada4e0b6352d3f8769c09a59"
".git/hooks/pre-push" = "8b02cacb5aa9f5a329440dcc4ab1b9d22ab57c7fcfc28b75ee5a23e380a36657"
