name: Dependabot Auto-Lock

on:
  pull_request:
    branches: [main]
    paths:
      - "pyproject.toml"

permissions:
  contents: write

jobs:
  uv-lock:
    name: Regenerate uv.lock
    if: github.actor == 'dependabot[bot]'
    runs-on: ubuntu-latest
    steps:
      - uses: actions/checkout@v4
        with:
          ref: ${{ github.head_ref }}
          token: ${{ secrets.GITHUB_TOKEN }}
      - uses: astral-sh/setup-uv@v5
        with:
          enable-cache: true
      - name: Regenerate lock file
        run: uv lock
      - name: Check for changes
        id: diff
        run: |
          if git diff --quiet uv.lock; then
            echo "changed=false" >> "$GITHUB_OUTPUT"
          else
            echo "changed=true" >> "$GITHUB_OUTPUT"
          fi
      - name: Commit updated lock file
        if: steps.diff.outputs.changed == 'true'
        run: |
          git config user.name "github-actions[bot]"
          git config user.email "41898282+github-actions[bot]@users.noreply.github.com"
          git add uv.lock
          git commit -m "chore(deps): regenerate uv.lock

          Ai-Eng-Gate: passed"
          git push
